// !$*UTF8*$!
{
	archiveVersion = 1;
	classes = {
	};
	objectVersion = 46;
	objects = {

/* Begin PBXBuildFile section */
		A600CDFC1C50E68F0064DE96 /* main.m in Sources */ = {isa = PBXBuildFile; fileRef = A600CDFB1C50E68F0064DE96 /* main.m */; };
		A600CDFF1C50E68F0064DE96 /* AppDelegate.m in Sources */ = {isa = PBXBuildFile; fileRef = A600CDFE1C50E68F0064DE96 /* AppDelegate.m */; };
		A600CE021C50E68F0064DE96 /* MetalViewController.m in Sources */ = {isa = PBXBuildFile; fileRef = A600CE011C50E68F0064DE96 /* MetalViewController.m */; };
		A600CE051C50E68F0064DE96 /* Main.storyboard in Resources */ = {isa = PBXBuildFile; fileRef = A600CE031C50E68F0064DE96 /* Main.storyboard */; };
		A600CE071C50E68F0064DE96 /* Assets.xcassets in Resources */ = {isa = PBXBuildFile; fileRef = A600CE061C50E68F0064DE96 /* Assets.xcassets */; };
		A600CE0A1C50E68F0064DE96 /* LaunchScreen.storyboard in Resources */ = {isa = PBXBuildFile; fileRef = A600CE081C50E68F0064DE96 /* LaunchScreen.storyboard */; };
		A600CE131C50E9830064DE96 /* MetalView.m in Sources */ = {isa = PBXBuildFile; fileRef = A600CE121C50E9830064DE96 /* MetalView.m */; };
		A600CE151C5100A10064DE96 /* Renderer.m in Sources */ = {isa = PBXBuildFile; fileRef = A600CE141C5100A10064DE96 /* Renderer.m */; };
		A600CE171C5235B50064DE96 /* shaders.metal in Sources */ = {isa = PBXBuildFile; fileRef = A600CE161C5235B50064DE96 /* shaders.metal */; };
		A69078A71C5632F3000CB725 /* teapot.qm in Resources */ = {isa = PBXBuildFile; fileRef = A69078A61C5632F3000CB725 /* teapot.qm */; };
		A69078A91C564CBA000CB725 /* breakingthelaw.mp3 in Resources */ = {isa = PBXBuildFile; fileRef = A69078A81C564CBA000CB725 /* breakingthelaw.mp3 */; };
		A69078AB1C564D06000CB725 /* AudioToolbox.framework in Frameworks */ = {isa = PBXBuildFile; fileRef = A69078AA1C564D06000CB725 /* AudioToolbox.framework */; };
/* End PBXBuildFile section */

/* Begin PBXFileReference section */
		A600CDF71C50E68F0064DE96 /* 70_Metal.app */ = {isa = PBXFileReference; explicitFileType = wrapper.application; includeInIndex = 0; path = 70_Metal.app; sourceTree = BUILT_PRODUCTS_DIR; };
		A600CDFB1C50E68F0064DE96 /* main.m */ = {isa = PBXFileReference; lastKnownFileType = sourcecode.c.objc; path = main.m; sourceTree = "<group>"; };
		A600CDFD1C50E68F0064DE96 /* AppDelegate.h */ = {isa = PBXFileReference; lastKnownFileType = sourcecode.c.h; path = AppDelegate.h; sourceTree = "<group>"; };
		A600CDFE1C50E68F0064DE96 /* AppDelegate.m */ = {isa = PBXFileReference; lastKnownFileType = sourcecode.c.objc; path = AppDelegate.m; sourceTree = "<group>"; };
		A600CE001C50E68F0064DE96 /* MetalViewController.h */ = {isa = PBXFileReference; lastKnownFileType = sourcecode.c.h; path = MetalViewController.h; sourceTree = "<group>"; };
		A600CE011C50E68F0064DE96 /* MetalViewController.m */ = {isa = PBXFileReference; lastKnownFileType = sourcecode.c.objc; path = MetalViewController.m; sourceTree = "<group>"; };
		A600CE041C50E68F0064DE96 /* Base */ = {isa = PBXFileReference; lastKnownFileType = file.storyboard; name = Base; path = Base.lproj/Main.storyboard; sourceTree = "<group>"; };
		A600CE061C50E68F0064DE96 /* Assets.xcassets */ = {isa = PBXFileReference; lastKnownFileType = folder.assetcatalog; path = Assets.xcassets; sourceTree = "<group>"; };
		A600CE091C50E68F0064DE96 /* Base */ = {isa = PBXFileReference; lastKnownFileType = file.storyboard; name = Base; path = Base.lproj/LaunchScreen.storyboard; sourceTree = "<group>"; };
		A600CE0B1C50E68F0064DE96 /* Info.plist */ = {isa = PBXFileReference; lastKnownFileType = text.plist.xml; path = Info.plist; sourceTree = "<group>"; };
		A600CE111C50E9830064DE96 /* MetalView.h */ = {isa = PBXFileReference; fileEncoding = 4; lastKnownFileType = sourcecode.c.h; path = MetalView.h; sourceTree = "<group>"; };
		A600CE121C50E9830064DE96 /* MetalView.m */ = {isa = PBXFileReference; fileEncoding = 4; lastKnownFileType = sourcecode.c.objc; path = MetalView.m; sourceTree = "<group>"; };
		A600CE141C5100A10064DE96 /* Renderer.m */ = {isa = PBXFileReference; fileEncoding = 4; lastKnownFileType = sourcecode.c.objc; path = Renderer.m; sourceTree = "<group>"; };
		A600CE161C5235B50064DE96 /* shaders.metal */ = {isa = PBXFileReference; fileEncoding = 4; lastKnownFileType = sourcecode.metal; path = shaders.metal; sourceTree = "<group>"; };
		A69078A61C5632F3000CB725 /* teapot.qm */ = {isa = PBXFileReference; lastKnownFileType = file; name = teapot.qm; path = ../media/meshes/teapot.qm; sourceTree = "<group>"; };
		A69078A81C564CBA000CB725 /* breakingthelaw.mp3 */ = {isa = PBXFileReference; lastKnownFileType = audio.mp3; name = breakingthelaw.mp3; path = ../media/sound/breakingthelaw.mp3; sourceTree = "<group>"; };
		A69078AA1C564D06000CB725 /* AudioToolbox.framework */ = {isa = PBXFileReference; lastKnownFileType = wrapper.framework; name = AudioToolbox.framework; path = System/Library/Frameworks/AudioToolbox.framework; sourceTree = SDKROOT; };
/* End PBXFileReference section */

/* Begin PBXFrameworksBuildPhase section */
		A600CDF41C50E68F0064DE96 /* Frameworks */ = {
			isa = PBXFrameworksBuildPhase;
			buildActionMask = 2147483647;
			files = (
				A69078AB1C564D06000CB725 /* AudioToolbox.framework in Frameworks */,
			);
			runOnlyForDeploymentPostprocessing = 0;
		};
/* End PBXFrameworksBuildPhase section */

/* Begin PBXGroup section */
		A600CDEE1C50E68F0064DE96 = {
			isa = PBXGroup;
			children = (
				A69078AC1C564D12000CB725 /* Frameworks */,
				A600CE181C5245240064DE96 /* Media */,
				A600CDF91C50E68F0064DE96 /* 70_Metal */,
				A600CDF81C50E68F0064DE96 /* Products */,
			);
			sourceTree = "<group>";
		};
		A600CDF81C50E68F0064DE96 /* Products */ = {
			isa = PBXGroup;
			children = (
				A600CDF71C50E68F0064DE96 /* 70_Metal.app */,
			);
			name = Products;
			sourceTree = "<group>";
		};
		A600CDF91C50E68F0064DE96 /* 70_Metal */ = {
			isa = PBXGroup;
			children = (
				A600CE111C50E9830064DE96 /* MetalView.h */,
				A600CE121C50E9830064DE96 /* MetalView.m */,
				A600CE001C50E68F0064DE96 /* MetalViewController.h */,
				A600CE011C50E68F0064DE96 /* MetalViewController.m */,
				A600CE141C5100A10064DE96 /* Renderer.m */,
				A600CE161C5235B50064DE96 /* shaders.metal */,
				A600CE031C50E68F0064DE96 /* Main.storyboard */,
				A600CDFA1C50E68F0064DE96 /* Supporting Files */,
			);
			path = 70_Metal;
			sourceTree = "<group>";
		};
		A600CDFA1C50E68F0064DE96 /* Supporting Files */ = {
			isa = PBXGroup;
			children = (
				A600CDFD1C50E68F0064DE96 /* AppDelegate.h */,
				A600CDFE1C50E68F0064DE96 /* AppDelegate.m */,
				A600CE081C50E68F0064DE96 /* LaunchScreen.storyboard */,
				A600CE061C50E68F0064DE96 /* Assets.xcassets */,
				A600CE0B1C50E68F0064DE96 /* Info.plist */,
				A600CDFB1C50E68F0064DE96 /* main.m */,
			);
			name = "Supporting Files";
			sourceTree = "<group>";
		};
		A600CE181C5245240064DE96 /* Media */ = {
			isa = PBXGroup;
			children = (
				A69078A81C564CBA000CB725 /* breakingthelaw.mp3 */,
				A69078A61C5632F3000CB725 /* teapot.qm */,
			);
			name = Media;
			sourceTree = "<group>";
		};
		A69078AC1C564D12000CB725 /* Frameworks */ = {
			isa = PBXGroup;
			children = (
				A69078AA1C564D06000CB725 /* AudioToolbox.framework */,
			);
			name = Frameworks;
			sourceTree = "<group>";
		};
/* End PBXGroup section */

/* Begin PBXNativeTarget section */
		A600CDF61C50E68F0064DE96 /* 70_Metal */ = {
			isa = PBXNativeTarget;
			buildConfigurationList = A600CE0E1C50E68F0064DE96 /* Build configuration list for PBXNativeTarget "70_Metal" */;
			buildPhases = (
				A600CDF31C50E68F0064DE96 /* Sources */,
				A600CDF41C50E68F0064DE96 /* Frameworks */,
				A600CDF51C50E68F0064DE96 /* Resources */,
			);
			buildRules = (
			);
			dependencies = (
			);
			name = 70_Metal;
			productName = 70_Metal;
			productReference = A600CDF71C50E68F0064DE96 /* 70_Metal.app */;
			productType = "com.apple.product-type.application";
		};
/* End PBXNativeTarget section */

/* Begin PBXProject section */
		A600CDEF1C50E68F0064DE96 /* Project object */ = {
			isa = PBXProject;
			attributes = {
				LastUpgradeCheck = 0720;
				ORGANIZATIONNAME = Asylum;
				TargetAttributes = {
					A600CDF61C50E68F0064DE96 = {
						CreatedOnToolsVersion = 7.2;
					};
				};
			};
			buildConfigurationList = A600CDF21C50E68F0064DE96 /* Build configuration list for PBXProject "70_Metal" */;
			compatibilityVersion = "Xcode 3.2";
			developmentRegion = English;
			hasScannedForEncodings = 0;
			knownRegions = (
				en,
				Base,
			);
			mainGroup = A600CDEE1C50E68F0064DE96;
			productRefGroup = A600CDF81C50E68F0064DE96 /* Products */;
			projectDirPath = "";
			projectRoot = "";
			targets = (
				A600CDF61C50E68F0064DE96 /* 70_Metal */,
			);
		};
/* End PBXProject section */

/* Begin PBXResourcesBuildPhase section */
		A600CDF51C50E68F0064DE96 /* Resources */ = {
			isa = PBXResourcesBuildPhase;
			buildActionMask = 2147483647;
			files = (
				A69078A91C564CBA000CB725 /* breakingthelaw.mp3 in Resources */,
				A600CE0A1C50E68F0064DE96 /* LaunchScreen.storyboard in Resources */,
				A600CE071C50E68F0064DE96 /* Assets.xcassets in Resources */,
				A69078A71C5632F3000CB725 /* teapot.qm in Resources */,
				A600CE051C50E68F0064DE96 /* Main.storyboard in Resources */,
			);
			runOnlyForDeploymentPostprocessing = 0;
		};
/* End PBXResourcesBuildPhase section */

/* Begin PBXSourcesBuildPhase section */
		A600CDF31C50E68F0064DE96 /* Sources */ = {
			isa = PBXSourcesBuildPhase;
			buildActionMask = 2147483647;
			files = (
				A600CE131C50E9830064DE96 /* MetalView.m in Sources */,
				A600CE021C50E68F0064DE96 /* MetalViewController.m in Sources */,
				A600CE171C5235B50064DE96 /* shaders.metal in Sources */,
				A600CDFF1C50E68F0064DE96 /* AppDelegate.m in Sources */,
				A600CE151C5100A10064DE96 /* Renderer.m in Sources */,
				A600CDFC1C50E68F0064DE96 /* main.m in Sources */,
			);
			runOnlyForDeploymentPostprocessing = 0;
		};
/* End PBXSourcesBuildPhase section */

/* Begin PBXVariantGroup section */
		A600CE031C50E68F0064DE96 /* Main.storyboard */ = {
			isa = PBXVariantGroup;
			children = (
				A600CE041C50E68F0064DE96 /* Base */,
			);
			name = Main.storyboard;
			sourceTree = "<group>";
		};
		A600CE081C50E68F0064DE96 /* LaunchScreen.storyboard */ = {
			isa = PBXVariantGroup;
			children = (
				A600CE091C50E68F0064DE96 /* Base */,
			);
			name = LaunchScreen.storyboard;
			sourceTree = "<group>";
		};
/* End PBXVariantGroup section */

/* Begin XCBuildConfiguration section */
		A600CE0C1C50E68F0064DE96 /* Debug */ = {
			isa = XCBuildConfiguration;
			buildSettings = {
				ALWAYS_SEARCH_USER_PATHS = NO;
				CLANG_CXX_LANGUAGE_STANDARD = "gnu++0x";
				CLANG_CXX_LIBRARY = "libc++";
				CLANG_ENABLE_MODULES = YES;
				CLANG_ENABLE_OBJC_ARC = YES;
				CLANG_WARN_BOOL_CONVERSION = YES;
				CLANG_WARN_CONSTANT_CONVERSION = YES;
				CLANG_WARN_DIRECT_OBJC_ISA_USAGE = YES_ERROR;
				CLANG_WARN_EMPTY_BODY = YES;
				CLANG_WARN_ENUM_CONVERSION = YES;
				CLANG_WARN_INT_CONVERSION = YES;
				CLANG_WARN_OBJC_ROOT_CLASS = YES_ERROR;
				CLANG_WARN_UNREACHABLE_CODE = YES;
				CLANG_WARN__DUPLICATE_METHOD_MATCH = YES;
				"CODE_SIGN_IDENTITY[sdk=iphoneos*]" = "iPhone Developer";
				COPY_PHASE_STRIP = NO;
				DEBUG_INFORMATION_FORMAT = dwarf;
				ENABLE_STRICT_OBJC_MSGSEND = YES;
				ENABLE_TESTABILITY = YES;
				GCC_C_LANGUAGE_STANDARD = gnu99;
				GCC_DYNAMIC_NO_PIC = NO;
				GCC_NO_COMMON_BLOCKS = YES;
				GCC_OPTIMIZATION_LEVEL = 0;
				GCC_PREPROCESSOR_DEFINITIONS = (
					"DEBUG=1",
					"$(inherited)",
				);
				GCC_WARN_64_TO_32_BIT_CONVERSION = YES;
				GCC_WARN_ABOUT_RETURN_TYPE = YES_ERROR;
				GCC_WARN_UNDECLARED_SELECTOR = YES;
				GCC_WARN_UNINITIALIZED_AUTOS = YES_AGGRESSIVE;
				GCC_WARN_UNUSED_FUNCTION = YES;
				GCC_WARN_UNUSED_VARIABLE = YES;
				IPHONEOS_DEPLOYMENT_TARGET = 9.2;
				MTL_ENABLE_DEBUG_INFO = YES;
				ONLY_ACTIVE_ARCH = YES;
				SDKROOT = iphoneos;
				TARGETED_DEVICE_FAMILY = "1,2";
			};
			name = Debug;
		};
		A600CE0D1C50E68F0064DE96 /* Release */ = {
			isa = XCBuildConfiguration;
			buildSettings = {
				ALWAYS_SEARCH_USER_PATHS = NO;
				CLANG_CXX_LANGUAGE_STANDARD = "gnu++0x";
				CLANG_CXX_LIBRARY = "libc++";
				CLANG_ENABLE_MODULES = YES;
				CLANG_ENABLE_OBJC_ARC = YES;
				CLANG_WARN_BOOL_CONVERSION = YES;
				CLANG_WARN_CONSTANT_CONVERSION = YES;
				CLANG_WARN_DIRECT_OBJC_ISA_USAGE = YES_ERROR;
				CLANG_WARN_EMPTY_BODY = YES;
				CLANG_WARN_ENUM_CONVERSION = YES;
				CLANG_WARN_INT_CONVERSION = YES;
				CLANG_WARN_OBJC_ROOT_CLASS = YES_ERROR;
				CLANG_WARN_UNREACHABLE_CODE = YES;
				CLANG_WARN__DUPLICATE_METHOD_MATCH = YES;
				"CODE_SIGN_IDENTITY[sdk=iphoneos*]" = "iPhone Developer";
				COPY_PHASE_STRIP = NO;
				DEBUG_INFORMATION_FORMAT = "dwarf-with-dsym";
				ENABLE_NS_ASSERTIONS = NO;
				ENABLE_STRICT_OBJC_MSGSEND = YES;
				GCC_C_LANGUAGE_STANDARD = gnu99;
				GCC_NO_COMMON_BLOCKS = YES;
				GCC_WARN_64_TO_32_BIT_CONVERSION = YES;
				GCC_WARN_ABOUT_RETURN_TYPE = YES_ERROR;
				GCC_WARN_UNDECLARED_SELECTOR = YES;
				GCC_WARN_UNINITIALIZED_AUTOS = YES_AGGRESSIVE;
				GCC_WARN_UNUSED_FUNCTION = YES;
				GCC_WARN_UNUSED_VARIABLE = YES;
				IPHONEOS_DEPLOYMENT_TARGET = 9.2;
				MTL_ENABLE_DEBUG_INFO = NO;
				SDKROOT = iphoneos;
				TARGETED_DEVICE_FAMILY = "1,2";
				VALIDATE_PRODUCT = YES;
			};
			name = Release;
		};
		A600CE0F1C50E68F0064DE96 /* Debug */ = {
			isa = XCBuildConfiguration;
			buildSettings = {
				ASSETCATALOG_COMPILER_APPICON_NAME = AppIcon;
				INFOPLIST_FILE = 70_Metal/Info.plist;
				LD_RUNPATH_SEARCH_PATHS = "$(inherited) @executable_path/Frameworks";
				PRODUCT_BUNDLE_IDENTIFIER = "Asylum.-0-Metal";
				PRODUCT_NAME = "$(TARGET_NAME)";
			};
			name = Debug;
		};
		A600CE101C50E68F0064DE96 /* Release */ = {
			isa = XCBuildConfiguration;
			buildSettings = {
				ASSETCATALOG_COMPILER_APPICON_NAME = AppIcon;
				INFOPLIST_FILE = 70_Metal/Info.plist;
				LD_RUNPATH_SEARCH_PATHS = "$(inherited) @executable_path/Frameworks";
				PRODUCT_BUNDLE_IDENTIFIER = "Asylum.-0-Metal";
				PRODUCT_NAME = "$(TARGET_NAME)";
			};
			name = Release;
		};
/* End XCBuildConfiguration section */

/* Begin XCConfigurationList section */
		A600CDF21C50E68F0064DE96 /* Build configuration list for PBXProject "70_Metal" */ = {
			isa = XCConfigurationList;
			buildConfigurations = (
				A600CE0C1C50E68F0064DE96 /* Debug */,
				A600CE0D1C50E68F0064DE96 /* Release */,
			);
			defaultConfigurationIsVisible = 0;
			defaultConfigurationName = Release;
		};
		A600CE0E1C50E68F0064DE96 /* Build configuration list for PBXNativeTarget "70_Metal" */ = {
			isa = XCConfigurationList;
			buildConfigurations = (
				A600CE0F1C50E68F0064DE96 /* Debug */,
				A600CE101C50E68F0064DE96 /* Release */,
			);
			defaultConfigurationIsVisible = 0;
			defaultConfigurationName = Release;
		};
/* End XCConfigurationList section */
	};
	rootObject = A600CDEF1C50E68F0064DE96 /* Project object */;
}
