
Microsoft Visual Studio Solution File, Format Version 12.00
# Visual Studio 2010
Project("{8BC9CEB8-8B4A-11D0-8D11-00A0C91BC942}") = "35_FixedFunction", "vc100\35_FixedFunction.vcxproj", "{F7EA0641-8334-4F3B-BB7F-AE29DAE85FEA}"
EndProject
Project("{8BC9CEB8-8B4A-11D0-8D11-00A0C91BC942}") = "35_BasicShader", "vc100\35_BasicShader.vcxproj", "{079789BB-1D84-43D4-96B8-C54CE3952570}"
EndProject
Project("{8BC9CEB8-8B4A-11D0-8D11-00A0C91BC942}") = "35_Texturing", "vc100\35_Texturing.vcxproj", "{422B7DA0-04E2-44AA-9D9A-B920653281BD}"
EndProject
Project("{8BC9CEB8-8B4A-11D0-8D11-00A0C91BC942}") = "35_BlinnPhong", "vc100\35_BlinnPhong.vcxproj", "{4524C5AD-5944-4673-B20E-C6C672B7FF1B}"
EndProject
Project("{8BC9CEB8-8B4A-11D0-8D11-00A0C91BC942}") = "35_NormalMap", "vc100\35_NormalMap.vcxproj", "{05DF158A-7668-41EF-BD4F-2E9FB50CA0AA}"
EndProject
Project("{8BC9CEB8-8B4A-11D0-8D11-00A0C91BC942}") = "35_Water", "vc100\35_Water.vcxproj", "{755512AA-51CE-4A17-92BD-6D0C31F20F16}"
EndProject
Project("{8BC9CEB8-8B4A-11D0-8D11-00A0C91BC942}") = "36_Relief", "vc100\36_Relief.vcxproj", "{4A0F3F02-4723-4F9B-B4D3-3C97BA8D0811}"
EndProject
Project("{8BC9CEB8-8B4A-11D0-8D11-00A0C91BC942}") = "37_CelShading", "vc100\37_CelShading.vcxproj", "{4148DCF6-1F1D-41EE-914D-704407F778FB}"
EndProject
Project("{8BC9CEB8-8B4A-11D0-8D11-00A0C91BC942}") = "38_Animation", "vc100\38_Animation.vcxproj", "{4FFF427E-1D9D-4660-8A3F-E78BE8F9FCBB}"
EndProject
Project("{8BC9CEB8-8B4A-11D0-8D11-00A0C91BC942}") = "39_HDR", "vc100\39_HDR.vcxproj", "{F56A5A38-7B63-4446-95F8-C76C2B698FFC}"
EndProject
Project("{8BC9CEB8-8B4A-11D0-8D11-00A0C91BC942}") = "45_Particles", "vc100\45_Particles.vcxproj", "{756B80B1-BF26-4086-9028-F0D222BB78EF}"
EndProject
Project("{8BC9CEB8-8B4A-11D0-8D11-00A0C91BC942}") = "40_DeferredShading", "vc100\40_DeferredShading.vcxproj", "{EAA35211-B48C-4CE7-BA45-76AB359B8192}"
EndProject
Project("{8BC9CEB8-8B4A-11D0-8D11-00A0C91BC942}") = "40_DeferredLighting", "vc100\40_DeferredLighting.vcxproj", "{7FB6FE12-2007-46F5-B684-5051630AA510}"
EndProject
Project("{8BC9CEB8-8B4A-11D0-8D11-00A0C91BC942}") = "50_Combiners", "vc100\50_Combiners.vcxproj", "{12761B18-CE28-41C6-82BF-422CB546428B}"
EndProject
Project("{8BC9CEB8-8B4A-11D0-8D11-00A0C91BC942}") = "42_StencilShadow", "vc100\42_StencilShadow.vcxproj", "{B79A67CD-FFB3-4B34-B87F-3945BE4C702D}"
EndProject
Project("{8BC9CEB8-8B4A-11D0-8D11-00A0C91BC942}") = "42_StencilShadow10", "vc100\42_StencilShadow10.vcxproj", "{00CAEC6D-69F2-40CB-ADAD-6D7FF08485B8}"
EndProject
Project("{8BC9CEB8-8B4A-11D0-8D11-00A0C91BC942}") = "44_Fresnel", "vc100\44_Fresnel.vcxproj", "{A589A7A1-CB92-4779-A863-325499B2FC9C}"
EndProject
Project("{8BC9CEB8-8B4A-11D0-8D11-00A0C91BC942}") = "52_Compute", "vc100\52_Compute.vcxproj", "{EA562003-C608-4251-9229-37331A0C4F5D}"
EndProject
Project("{8BC9CEB8-8B4A-11D0-8D11-00A0C91BC942}") = "51_CoreProfile", "vc100\51_CoreProfile.vcxproj", "{4EFF735A-1151-4060-B03C-5E6AD223D804}"
EndProject
Project("{8BC9CEB8-8B4A-11D0-8D11-00A0C91BC942}") = "52_ForwardPlus", "vc100\52_ForwardPlus.vcxproj", "{5C0D2CA4-ACC2-4BF4-AF97-DFEB90D78C69}"
EndProject
Project("{8BC9CEB8-8B4A-11D0-8D11-00A0C91BC942}") = "52_Transparency", "vc100\52_Transparency.vcxproj", "{1739F8A3-646F-49BF-815A-28F7986AB0EF}"
EndProject
Project("{8BC9CEB8-8B4A-11D0-8D11-00A0C91BC942}") = "52_Tessellation", "vc100\52_Tessellation.vcxproj", "{150CD4FB-CD49-43BA-9B17-1284E6F3D6D6}"
EndProject
Project("{8BC9CEB8-8B4A-11D0-8D11-00A0C91BC942}") = "43_ShadowMaps", "vc100\43_ShadowMaps.vcxproj", "{D894283E-A2A3-4DF1-869C-2E52F802AA46}"
EndProject
Project("{8BC9CEB8-8B4A-11D0-8D11-00A0C91BC942}") = "51_MultiThreading", "vc100\51_MultiThreading.vcxproj", "{EA85F40B-3218-4942-BD99-DE68214FC949}"
EndProject
Project("{8BC9CEB8-8B4A-11D0-8D11-00A0C91BC942}") = "53_PhysicallyBased", "vc100\53_PhysicallyBased.vcxproj", "{404716FD-2EDE-4AAF-8464-5E9C7754AC93}"
EndProject
Project("{8BC9CEB8-8B4A-11D0-8D11-00A0C91BC942}") = "53_PrefilterEnvMap10", "vc100\53_PrefilterEnvMap10.vcxproj", "{97C4EEBF-F2CF-4ADE-8B54-DBC0A6E6BE6B}"
EndProject
Project("{8BC9CEB8-8B4A-11D0-8D11-00A0C91BC942}") = "53_SimplePathTracer10", "vc100\53_SimplePathTracer10.vcxproj", "{13A9BA63-5D69-419B-82AB-F27839873BFC}"
EndProject
Project("{8BC9CEB8-8B4A-11D0-8D11-00A0C91BC942}") = "43_ShadowMapGL", "vc100\43_ShadowMapGL.vcxproj", "{422E507F-0856-40E0-86D9-D8ED91A97F19}"
EndProject
Project("{8BC9CEB8-8B4A-11D0-8D11-00A0C91BC942}") = "44_GodrayWater", "vc100\44_GodrayWater.vcxproj", "{7472CDF6-E233-484A-BC1E-ACE9159CF9E8}"
EndProject
Project("{8BC9CEB8-8B4A-11D0-8D11-00A0C91BC942}") = "71_Vulkan", "vc100\71_Vulkan.vcxproj", "{12AD6E21-E018-4AD2-8971-E23710FA4206}"
EndProject
Project("{8BC9CEB8-8B4A-11D0-8D11-00A0C91BC942}") = "71_DrawBatching", "vc100\71_DrawBatching.vcxproj", "{BDB9B156-C3FE-4933-A155-7B16C75D57FE}"
EndProject
Project("{8BC9CEB8-8B4A-11D0-8D11-00A0C91BC942}") = "71_CompareToGL", "vc100\71_CompareToGL.vcxproj", "{7F7E4460-EA43-4115-B40C-0B946E285332}"
EndProject
Project("{8BC9CEB8-8B4A-11D0-8D11-00A0C91BC942}") = "71_Deferred", "vc100\71_Deferred.vcxproj", "{BC6A4E62-4256-4141-8C48-C3D8E7E2BDEC}"
EndProject
Project("{8BC9CEB8-8B4A-11D0-8D11-00A0C91BC942}") = "54_GTAO", "vc100\54_GTAO.vcxproj", "{EE7E4A3E-9B7A-42AC-B7DB-3906AD2FFAF1}"
EndProject
Project("{8BC9CEB8-8B4A-11D0-8D11-00A0C91BC942}") = "54_ReferenceAO", "vc100\54_ReferenceAO.vcxproj", "{0F96FA4E-8F70-4A57-B416-116287E9EEAC}"
EndProject
Project("{8BC9CEB8-8B4A-11D0-8D11-00A0C91BC942}") = "55_ReferencePT", "vc100\55_ReferencePT.vcxproj", "{4B1F471C-7D79-4859-84C1-15D837D1E54E}"
EndProject
Project("{8BC9CEB8-8B4A-11D0-8D11-00A0C91BC942}") = "51_CameraTest", "vc100\51_CameraTest.vcxproj", "{B55877DB-7EFB-48DF-BCD6-264483006CC0}"
EndProject
Project("{8BC9CEB8-8B4A-11D0-8D11-00A0C91BC942}") = "51_UniformsTest", "vc100\51_UniformsTest.vcxproj", "{5A6CA749-B823-49DB-95FF-89E890D31783}"
EndProject
Project("{8BC9CEB8-8B4A-11D0-8D11-00A0C91BC942}") = "51_DepthBlit", "vc100\51_DepthBlit.vcxproj", "{B6A47758-E546-40A5-9DE3-44D622C238F4}"
EndProject
Project("{8BC9CEB8-8B4A-11D0-8D11-00A0C91BC942}") = "51_Instancing", "vc100\51_Instancing.vcxproj", "{307F47EA-86BC-40D0-9D42-089A0C6E9882}"
EndProject
Project("{8BC9CEB8-8B4A-11D0-8D11-00A0C91BC942}") = "51_TransformFeedback", "vc100\51_TransformFeedback.vcxproj", "{B07EC13B-4F0C-45F6-87CB-E514D5724DCE}"
EndProject
Project("{8BC9CEB8-8B4A-11D0-8D11-00A0C91BC942}") = "51_MultiDrawIndirect", "vc100\51_MultiDrawIndirect.vcxproj", "{B6586517-A211-4F76-9E2E-0D6F9FAA76E9}"
EndProject
Project("{8BC9CEB8-8B4A-11D0-8D11-00A0C91BC942}") = "51_TessellationShader", "vc100\51_TessellationShader.vcxproj", "{331AF2ED-3BCB-447B-A007-3A73236C2CFE}"
EndProject
Global
	GlobalSection(SolutionConfigurationPlatforms) = preSolution
		Debug|Mixed Platforms = Debug|Mixed Platforms
		Debug|Win32 = Debug|Win32
		Debug|x64 = Debug|x64
		Release|Mixed Platforms = Release|Mixed Platforms
		Release|Win32 = Release|Win32
		Release|x64 = Release|x64
	EndGlobalSection
	GlobalSection(ProjectConfigurationPlatforms) = postSolution
		{F7EA0641-8334-4F3B-BB7F-AE29DAE85FEA}.Debug|Mixed Platforms.ActiveCfg = Debug|Win32
		{F7EA0641-8334-4F3B-BB7F-AE29DAE85FEA}.Debug|Mixed Platforms.Build.0 = Debug|Win32
		{F7EA0641-8334-4F3B-BB7F-AE29DAE85FEA}.Debug|Win32.ActiveCfg = Debug|Win32
		{F7EA0641-8334-4F3B-BB7F-AE29DAE85FEA}.Debug|Win32.Build.0 = Debug|Win32
		{F7EA0641-8334-4F3B-BB7F-AE29DAE85FEA}.Debug|x64.ActiveCfg = Debug|Win32
		{F7EA0641-8334-4F3B-BB7F-AE29DAE85FEA}.Debug|x64.Build.0 = Debug|Win32
		{F7EA0641-8334-4F3B-BB7F-AE29DAE85FEA}.Release|Mixed Platforms.ActiveCfg = Release|Win32
		{F7EA0641-8334-4F3B-BB7F-AE29DAE85FEA}.Release|Mixed Platforms.Build.0 = Release|Win32
		{F7EA0641-8334-4F3B-BB7F-AE29DAE85FEA}.Release|Win32.ActiveCfg = Release|Win32
		{F7EA0641-8334-4F3B-BB7F-AE29DAE85FEA}.Release|Win32.Build.0 = Release|Win32
		{F7EA0641-8334-4F3B-BB7F-AE29DAE85FEA}.Release|x64.ActiveCfg = Release|Win32
		{F7EA0641-8334-4F3B-BB7F-AE29DAE85FEA}.Release|x64.Build.0 = Release|Win32
		{079789BB-1D84-43D4-96B8-C54CE3952570}.Debug|Mixed Platforms.ActiveCfg = Debug|Win32
		{079789BB-1D84-43D4-96B8-C54CE3952570}.Debug|Mixed Platforms.Build.0 = Debug|Win32
		{079789BB-1D84-43D4-96B8-C54CE3952570}.Debug|Win32.ActiveCfg = Debug|Win32
		{079789BB-1D84-43D4-96B8-C54CE3952570}.Debug|Win32.Build.0 = Debug|Win32
		{079789BB-1D84-43D4-96B8-C54CE3952570}.Debug|x64.ActiveCfg = Debug|Win32
		{079789BB-1D84-43D4-96B8-C54CE3952570}.Debug|x64.Build.0 = Debug|Win32
		{079789BB-1D84-43D4-96B8-C54CE3952570}.Release|Mixed Platforms.ActiveCfg = Release|Win32
		{079789BB-1D84-43D4-96B8-C54CE3952570}.Release|Mixed Platforms.Build.0 = Release|Win32
		{079789BB-1D84-43D4-96B8-C54CE3952570}.Release|Win32.ActiveCfg = Release|Win32
		{079789BB-1D84-43D4-96B8-C54CE3952570}.Release|Win32.Build.0 = Release|Win32
		{079789BB-1D84-43D4-96B8-C54CE3952570}.Release|x64.ActiveCfg = Release|Win32
		{079789BB-1D84-43D4-96B8-C54CE3952570}.Release|x64.Build.0 = Release|Win32
		{422B7DA0-04E2-44AA-9D9A-B920653281BD}.Debug|Mixed Platforms.ActiveCfg = Debug|Win32
		{422B7DA0-04E2-44AA-9D9A-B920653281BD}.Debug|Mixed Platforms.Build.0 = Debug|Win32
		{422B7DA0-04E2-44AA-9D9A-B920653281BD}.Debug|Win32.ActiveCfg = Debug|Win32
		{422B7DA0-04E2-44AA-9D9A-B920653281BD}.Debug|Win32.Build.0 = Debug|Win32
		{422B7DA0-04E2-44AA-9D9A-B920653281BD}.Debug|x64.ActiveCfg = Debug|Win32
		{422B7DA0-04E2-44AA-9D9A-B920653281BD}.Debug|x64.Build.0 = Debug|Win32
		{422B7DA0-04E2-44AA-9D9A-B920653281BD}.Release|Mixed Platforms.ActiveCfg = Release|Win32
		{422B7DA0-04E2-44AA-9D9A-B920653281BD}.Release|Mixed Platforms.Build.0 = Release|Win32
		{422B7DA0-04E2-44AA-9D9A-B920653281BD}.Release|Win32.ActiveCfg = Release|Win32
		{422B7DA0-04E2-44AA-9D9A-B920653281BD}.Release|Win32.Build.0 = Release|Win32
		{422B7DA0-04E2-44AA-9D9A-B920653281BD}.Release|x64.ActiveCfg = Release|Win32
		{422B7DA0-04E2-44AA-9D9A-B920653281BD}.Release|x64.Build.0 = Release|Win32
		{4524C5AD-5944-4673-B20E-C6C672B7FF1B}.Debug|Mixed Platforms.ActiveCfg = Debug|Win32
		{4524C5AD-5944-4673-B20E-C6C672B7FF1B}.Debug|Mixed Platforms.Build.0 = Debug|Win32
		{4524C5AD-5944-4673-B20E-C6C672B7FF1B}.Debug|Win32.ActiveCfg = Debug|Win32
		{4524C5AD-5944-4673-B20E-C6C672B7FF1B}.Debug|Win32.Build.0 = Debug|Win32
		{4524C5AD-5944-4673-B20E-C6C672B7FF1B}.Debug|x64.ActiveCfg = Debug|Win32
		{4524C5AD-5944-4673-B20E-C6C672B7FF1B}.Debug|x64.Build.0 = Debug|Win32
		{4524C5AD-5944-4673-B20E-C6C672B7FF1B}.Release|Mixed Platforms.ActiveCfg = Release|Win32
		{4524C5AD-5944-4673-B20E-C6C672B7FF1B}.Release|Mixed Platforms.Build.0 = Release|Win32
		{4524C5AD-5944-4673-B20E-C6C672B7FF1B}.Release|Win32.ActiveCfg = Release|Win32
		{4524C5AD-5944-4673-B20E-C6C672B7FF1B}.Release|Win32.Build.0 = Release|Win32
		{4524C5AD-5944-4673-B20E-C6C672B7FF1B}.Release|x64.ActiveCfg = Release|Win32
		{4524C5AD-5944-4673-B20E-C6C672B7FF1B}.Release|x64.Build.0 = Release|Win32
		{05DF158A-7668-41EF-BD4F-2E9FB50CA0AA}.Debug|Mixed Platforms.ActiveCfg = Debug|Win32
		{05DF158A-7668-41EF-BD4F-2E9FB50CA0AA}.Debug|Mixed Platforms.Build.0 = Debug|Win32
		{05DF158A-7668-41EF-BD4F-2E9FB50CA0AA}.Debug|Win32.ActiveCfg = Debug|Win32
		{05DF158A-7668-41EF-BD4F-2E9FB50CA0AA}.Debug|Win32.Build.0 = Debug|Win32
		{05DF158A-7668-41EF-BD4F-2E9FB50CA0AA}.Debug|x64.ActiveCfg = Debug|Win32
		{05DF158A-7668-41EF-BD4F-2E9FB50CA0AA}.Debug|x64.Build.0 = Debug|Win32
		{05DF158A-7668-41EF-BD4F-2E9FB50CA0AA}.Release|Mixed Platforms.ActiveCfg = Release|Win32
		{05DF158A-7668-41EF-BD4F-2E9FB50CA0AA}.Release|Mixed Platforms.Build.0 = Release|Win32
		{05DF158A-7668-41EF-BD4F-2E9FB50CA0AA}.Release|Win32.ActiveCfg = Release|Win32
		{05DF158A-7668-41EF-BD4F-2E9FB50CA0AA}.Release|Win32.Build.0 = Release|Win32
		{05DF158A-7668-41EF-BD4F-2E9FB50CA0AA}.Release|x64.ActiveCfg = Release|Win32
		{05DF158A-7668-41EF-BD4F-2E9FB50CA0AA}.Release|x64.Build.0 = Release|Win32
		{755512AA-51CE-4A17-92BD-6D0C31F20F16}.Debug|Mixed Platforms.ActiveCfg = Debug|Win32
		{755512AA-51CE-4A17-92BD-6D0C31F20F16}.Debug|Mixed Platforms.Build.0 = Debug|Win32
		{755512AA-51CE-4A17-92BD-6D0C31F20F16}.Debug|Win32.ActiveCfg = Debug|Win32
		{755512AA-51CE-4A17-92BD-6D0C31F20F16}.Debug|Win32.Build.0 = Debug|Win32
		{755512AA-51CE-4A17-92BD-6D0C31F20F16}.Debug|x64.ActiveCfg = Debug|Win32
		{755512AA-51CE-4A17-92BD-6D0C31F20F16}.Debug|x64.Build.0 = Debug|Win32
		{755512AA-51CE-4A17-92BD-6D0C31F20F16}.Release|Mixed Platforms.ActiveCfg = Release|Win32
		{755512AA-51CE-4A17-92BD-6D0C31F20F16}.Release|Mixed Platforms.Build.0 = Release|Win32
		{755512AA-51CE-4A17-92BD-6D0C31F20F16}.Release|Win32.ActiveCfg = Release|Win32
		{755512AA-51CE-4A17-92BD-6D0C31F20F16}.Release|Win32.Build.0 = Release|Win32
		{755512AA-51CE-4A17-92BD-6D0C31F20F16}.Release|x64.ActiveCfg = Release|Win32
		{755512AA-51CE-4A17-92BD-6D0C31F20F16}.Release|x64.Build.0 = Release|Win32
		{4A0F3F02-4723-4F9B-B4D3-3C97BA8D0811}.Debug|Mixed Platforms.ActiveCfg = Debug|Win32
		{4A0F3F02-4723-4F9B-B4D3-3C97BA8D0811}.Debug|Mixed Platforms.Build.0 = Debug|Win32
		{4A0F3F02-4723-4F9B-B4D3-3C97BA8D0811}.Debug|Win32.ActiveCfg = Debug|Win32
		{4A0F3F02-4723-4F9B-B4D3-3C97BA8D0811}.Debug|Win32.Build.0 = Debug|Win32
		{4A0F3F02-4723-4F9B-B4D3-3C97BA8D0811}.Debug|x64.ActiveCfg = Debug|Win32
		{4A0F3F02-4723-4F9B-B4D3-3C97BA8D0811}.Debug|x64.Build.0 = Debug|Win32
		{4A0F3F02-4723-4F9B-B4D3-3C97BA8D0811}.Release|Mixed Platforms.ActiveCfg = Release|Win32
		{4A0F3F02-4723-4F9B-B4D3-3C97BA8D0811}.Release|Mixed Platforms.Build.0 = Release|Win32
		{4A0F3F02-4723-4F9B-B4D3-3C97BA8D0811}.Release|Win32.ActiveCfg = Release|Win32
		{4A0F3F02-4723-4F9B-B4D3-3C97BA8D0811}.Release|Win32.Build.0 = Release|Win32
		{4A0F3F02-4723-4F9B-B4D3-3C97BA8D0811}.Release|x64.ActiveCfg = Release|Win32
		{4A0F3F02-4723-4F9B-B4D3-3C97BA8D0811}.Release|x64.Build.0 = Release|Win32
		{4148DCF6-1F1D-41EE-914D-704407F778FB}.Debug|Mixed Platforms.ActiveCfg = Debug|Win32
		{4148DCF6-1F1D-41EE-914D-704407F778FB}.Debug|Mixed Platforms.Build.0 = Debug|Win32
		{4148DCF6-1F1D-41EE-914D-704407F778FB}.Debug|Win32.ActiveCfg = Debug|Win32
		{4148DCF6-1F1D-41EE-914D-704407F778FB}.Debug|Win32.Build.0 = Debug|Win32
		{4148DCF6-1F1D-41EE-914D-704407F778FB}.Debug|x64.ActiveCfg = Debug|Win32
		{4148DCF6-1F1D-41EE-914D-704407F778FB}.Debug|x64.Build.0 = Debug|Win32
		{4148DCF6-1F1D-41EE-914D-704407F778FB}.Release|Mixed Platforms.ActiveCfg = Release|Win32
		{4148DCF6-1F1D-41EE-914D-704407F778FB}.Release|Mixed Platforms.Build.0 = Release|Win32
		{4148DCF6-1F1D-41EE-914D-704407F778FB}.Release|Win32.ActiveCfg = Release|Win32
		{4148DCF6-1F1D-41EE-914D-704407F778FB}.Release|Win32.Build.0 = Release|Win32
		{4148DCF6-1F1D-41EE-914D-704407F778FB}.Release|x64.ActiveCfg = Release|Win32
		{4148DCF6-1F1D-41EE-914D-704407F778FB}.Release|x64.Build.0 = Release|Win32
		{4FFF427E-1D9D-4660-8A3F-E78BE8F9FCBB}.Debug|Mixed Platforms.ActiveCfg = Debug|Win32
		{4FFF427E-1D9D-4660-8A3F-E78BE8F9FCBB}.Debug|Mixed Platforms.Build.0 = Debug|Win32
		{4FFF427E-1D9D-4660-8A3F-E78BE8F9FCBB}.Debug|Win32.ActiveCfg = Debug|Win32
		{4FFF427E-1D9D-4660-8A3F-E78BE8F9FCBB}.Debug|Win32.Build.0 = Debug|Win32
		{4FFF427E-1D9D-4660-8A3F-E78BE8F9FCBB}.Debug|x64.ActiveCfg = Debug|Win32
		{4FFF427E-1D9D-4660-8A3F-E78BE8F9FCBB}.Debug|x64.Build.0 = Debug|Win32
		{4FFF427E-1D9D-4660-8A3F-E78BE8F9FCBB}.Release|Mixed Platforms.ActiveCfg = Release|Win32
		{4FFF427E-1D9D-4660-8A3F-E78BE8F9FCBB}.Release|Mixed Platforms.Build.0 = Release|Win32
		{4FFF427E-1D9D-4660-8A3F-E78BE8F9FCBB}.Release|Win32.ActiveCfg = Release|Win32
		{4FFF427E-1D9D-4660-8A3F-E78BE8F9FCBB}.Release|Win32.Build.0 = Release|Win32
		{4FFF427E-1D9D-4660-8A3F-E78BE8F9FCBB}.Release|x64.ActiveCfg = Release|Win32
		{4FFF427E-1D9D-4660-8A3F-E78BE8F9FCBB}.Release|x64.Build.0 = Release|Win32
		{F56A5A38-7B63-4446-95F8-C76C2B698FFC}.Debug|Mixed Platforms.ActiveCfg = Debug|Win32
		{F56A5A38-7B63-4446-95F8-C76C2B698FFC}.Debug|Mixed Platforms.Build.0 = Debug|Win32
		{F56A5A38-7B63-4446-95F8-C76C2B698FFC}.Debug|Win32.ActiveCfg = Debug|Win32
		{F56A5A38-7B63-4446-95F8-C76C2B698FFC}.Debug|Win32.Build.0 = Debug|Win32
		{F56A5A38-7B63-4446-95F8-C76C2B698FFC}.Debug|x64.ActiveCfg = Debug|Win32
		{F56A5A38-7B63-4446-95F8-C76C2B698FFC}.Debug|x64.Build.0 = Debug|Win32
		{F56A5A38-7B63-4446-95F8-C76C2B698FFC}.Release|Mixed Platforms.ActiveCfg = Release|Win32
		{F56A5A38-7B63-4446-95F8-C76C2B698FFC}.Release|Mixed Platforms.Build.0 = Release|Win32
		{F56A5A38-7B63-4446-95F8-C76C2B698FFC}.Release|Win32.ActiveCfg = Release|Win32
		{F56A5A38-7B63-4446-95F8-C76C2B698FFC}.Release|Win32.Build.0 = Release|Win32
		{F56A5A38-7B63-4446-95F8-C76C2B698FFC}.Release|x64.ActiveCfg = Release|Win32
		{F56A5A38-7B63-4446-95F8-C76C2B698FFC}.Release|x64.Build.0 = Release|Win32
		{756B80B1-BF26-4086-9028-F0D222BB78EF}.Debug|Mixed Platforms.ActiveCfg = Debug|Win32
		{756B80B1-BF26-4086-9028-F0D222BB78EF}.Debug|Mixed Platforms.Build.0 = Debug|Win32
		{756B80B1-BF26-4086-9028-F0D222BB78EF}.Debug|Win32.ActiveCfg = Debug|Win32
		{756B80B1-BF26-4086-9028-F0D222BB78EF}.Debug|Win32.Build.0 = Debug|Win32
		{756B80B1-BF26-4086-9028-F0D222BB78EF}.Debug|x64.ActiveCfg = Debug|Win32
		{756B80B1-BF26-4086-9028-F0D222BB78EF}.Debug|x64.Build.0 = Debug|Win32
		{756B80B1-BF26-4086-9028-F0D222BB78EF}.Release|Mixed Platforms.ActiveCfg = Release|Win32
		{756B80B1-BF26-4086-9028-F0D222BB78EF}.Release|Mixed Platforms.Build.0 = Release|Win32
		{756B80B1-BF26-4086-9028-F0D222BB78EF}.Release|Win32.ActiveCfg = Release|Win32
		{756B80B1-BF26-4086-9028-F0D222BB78EF}.Release|Win32.Build.0 = Release|Win32
		{756B80B1-BF26-4086-9028-F0D222BB78EF}.Release|x64.ActiveCfg = Release|Win32
		{756B80B1-BF26-4086-9028-F0D222BB78EF}.Release|x64.Build.0 = Release|Win32
		{EAA35211-B48C-4CE7-BA45-76AB359B8192}.Debug|Mixed Platforms.ActiveCfg = Debug|Win32
		{EAA35211-B48C-4CE7-BA45-76AB359B8192}.Debug|Mixed Platforms.Build.0 = Debug|Win32
		{EAA35211-B48C-4CE7-BA45-76AB359B8192}.Debug|Win32.ActiveCfg = Debug|Win32
		{EAA35211-B48C-4CE7-BA45-76AB359B8192}.Debug|Win32.Build.0 = Debug|Win32
		{EAA35211-B48C-4CE7-BA45-76AB359B8192}.Debug|x64.ActiveCfg = Debug|Win32
		{EAA35211-B48C-4CE7-BA45-76AB359B8192}.Debug|x64.Build.0 = Debug|Win32
		{EAA35211-B48C-4CE7-BA45-76AB359B8192}.Release|Mixed Platforms.ActiveCfg = Release|Win32
		{EAA35211-B48C-4CE7-BA45-76AB359B8192}.Release|Mixed Platforms.Build.0 = Release|Win32
		{EAA35211-B48C-4CE7-BA45-76AB359B8192}.Release|Win32.ActiveCfg = Release|Win32
		{EAA35211-B48C-4CE7-BA45-76AB359B8192}.Release|Win32.Build.0 = Release|Win32
		{EAA35211-B48C-4CE7-BA45-76AB359B8192}.Release|x64.ActiveCfg = Release|Win32
		{EAA35211-B48C-4CE7-BA45-76AB359B8192}.Release|x64.Build.0 = Release|Win32
		{7FB6FE12-2007-46F5-B684-5051630AA510}.Debug|Mixed Platforms.ActiveCfg = Debug|Win32
		{7FB6FE12-2007-46F5-B684-5051630AA510}.Debug|Mixed Platforms.Build.0 = Debug|Win32
		{7FB6FE12-2007-46F5-B684-5051630AA510}.Debug|Win32.ActiveCfg = Debug|Win32
		{7FB6FE12-2007-46F5-B684-5051630AA510}.Debug|Win32.Build.0 = Debug|Win32
		{7FB6FE12-2007-46F5-B684-5051630AA510}.Debug|x64.ActiveCfg = Debug|Win32
		{7FB6FE12-2007-46F5-B684-5051630AA510}.Debug|x64.Build.0 = Debug|Win32
		{7FB6FE12-2007-46F5-B684-5051630AA510}.Release|Mixed Platforms.ActiveCfg = Release|Win32
		{7FB6FE12-2007-46F5-B684-5051630AA510}.Release|Mixed Platforms.Build.0 = Release|Win32
		{7FB6FE12-2007-46F5-B684-5051630AA510}.Release|Win32.ActiveCfg = Release|Win32
		{7FB6FE12-2007-46F5-B684-5051630AA510}.Release|Win32.Build.0 = Release|Win32
		{7FB6FE12-2007-46F5-B684-5051630AA510}.Release|x64.ActiveCfg = Release|Win32
		{7FB6FE12-2007-46F5-B684-5051630AA510}.Release|x64.Build.0 = Release|Win32
		{12761B18-CE28-41C6-82BF-422CB546428B}.Debug|Mixed Platforms.ActiveCfg = Debug|Win32
		{12761B18-CE28-41C6-82BF-422CB546428B}.Debug|Mixed Platforms.Build.0 = Debug|Win32
		{12761B18-CE28-41C6-82BF-422CB546428B}.Debug|Win32.ActiveCfg = Debug|Win32
		{12761B18-CE28-41C6-82BF-422CB546428B}.Debug|Win32.Build.0 = Debug|Win32
		{12761B18-CE28-41C6-82BF-422CB546428B}.Debug|x64.ActiveCfg = Debug|Win32
		{12761B18-CE28-41C6-82BF-422CB546428B}.Debug|x64.Build.0 = Debug|Win32
		{12761B18-CE28-41C6-82BF-422CB546428B}.Release|Mixed Platforms.ActiveCfg = Release|Win32
		{12761B18-CE28-41C6-82BF-422CB546428B}.Release|Mixed Platforms.Build.0 = Release|Win32
		{12761B18-CE28-41C6-82BF-422CB546428B}.Release|Win32.ActiveCfg = Release|Win32
		{12761B18-CE28-41C6-82BF-422CB546428B}.Release|Win32.Build.0 = Release|Win32
		{12761B18-CE28-41C6-82BF-422CB546428B}.Release|x64.ActiveCfg = Release|Win32
		{12761B18-CE28-41C6-82BF-422CB546428B}.Release|x64.Build.0 = Release|Win32
		{B79A67CD-FFB3-4B34-B87F-3945BE4C702D}.Debug|Mixed Platforms.ActiveCfg = Debug|Win32
		{B79A67CD-FFB3-4B34-B87F-3945BE4C702D}.Debug|Mixed Platforms.Build.0 = Debug|Win32
		{B79A67CD-FFB3-4B34-B87F-3945BE4C702D}.Debug|Win32.ActiveCfg = Debug|Win32
		{B79A67CD-FFB3-4B34-B87F-3945BE4C702D}.Debug|Win32.Build.0 = Debug|Win32
		{B79A67CD-FFB3-4B34-B87F-3945BE4C702D}.Debug|x64.ActiveCfg = Debug|Win32
		{B79A67CD-FFB3-4B34-B87F-3945BE4C702D}.Debug|x64.Build.0 = Debug|Win32
		{B79A67CD-FFB3-4B34-B87F-3945BE4C702D}.Release|Mixed Platforms.ActiveCfg = Release|Win32
		{B79A67CD-FFB3-4B34-B87F-3945BE4C702D}.Release|Mixed Platforms.Build.0 = Release|Win32
		{B79A67CD-FFB3-4B34-B87F-3945BE4C702D}.Release|Win32.ActiveCfg = Release|Win32
		{B79A67CD-FFB3-4B34-B87F-3945BE4C702D}.Release|Win32.Build.0 = Release|Win32
		{B79A67CD-FFB3-4B34-B87F-3945BE4C702D}.Release|x64.ActiveCfg = Release|Win32
		{B79A67CD-FFB3-4B34-B87F-3945BE4C702D}.Release|x64.Build.0 = Release|Win32
		{00CAEC6D-69F2-40CB-ADAD-6D7FF08485B8}.Debug|Mixed Platforms.ActiveCfg = Debug|Win32
		{00CAEC6D-69F2-40CB-ADAD-6D7FF08485B8}.Debug|Mixed Platforms.Build.0 = Debug|Win32
		{00CAEC6D-69F2-40CB-ADAD-6D7FF08485B8}.Debug|Win32.ActiveCfg = Debug|Win32
		{00CAEC6D-69F2-40CB-ADAD-6D7FF08485B8}.Debug|Win32.Build.0 = Debug|Win32
		{00CAEC6D-69F2-40CB-ADAD-6D7FF08485B8}.Debug|x64.ActiveCfg = Debug|Win32
		{00CAEC6D-69F2-40CB-ADAD-6D7FF08485B8}.Debug|x64.Build.0 = Debug|Win32
		{00CAEC6D-69F2-40CB-ADAD-6D7FF08485B8}.Release|Mixed Platforms.ActiveCfg = Release|Win32
		{00CAEC6D-69F2-40CB-ADAD-6D7FF08485B8}.Release|Mixed Platforms.Build.0 = Release|Win32
		{00CAEC6D-69F2-40CB-ADAD-6D7FF08485B8}.Release|Win32.ActiveCfg = Release|Win32
		{00CAEC6D-69F2-40CB-ADAD-6D7FF08485B8}.Release|Win32.Build.0 = Release|Win32
		{00CAEC6D-69F2-40CB-ADAD-6D7FF08485B8}.Release|x64.ActiveCfg = Release|Win32
		{00CAEC6D-69F2-40CB-ADAD-6D7FF08485B8}.Release|x64.Build.0 = Release|Win32
		{A589A7A1-CB92-4779-A863-325499B2FC9C}.Debug|Mixed Platforms.ActiveCfg = Debug|Win32
		{A589A7A1-CB92-4779-A863-325499B2FC9C}.Debug|Mixed Platforms.Build.0 = Debug|Win32
		{A589A7A1-CB92-4779-A863-325499B2FC9C}.Debug|Win32.ActiveCfg = Debug|Win32
		{A589A7A1-CB92-4779-A863-325499B2FC9C}.Debug|Win32.Build.0 = Debug|Win32
		{A589A7A1-CB92-4779-A863-325499B2FC9C}.Debug|x64.ActiveCfg = Debug|Win32
		{A589A7A1-CB92-4779-A863-325499B2FC9C}.Debug|x64.Build.0 = Debug|Win32
		{A589A7A1-CB92-4779-A863-325499B2FC9C}.Release|Mixed Platforms.ActiveCfg = Release|Win32
		{A589A7A1-CB92-4779-A863-325499B2FC9C}.Release|Mixed Platforms.Build.0 = Release|Win32
		{A589A7A1-CB92-4779-A863-325499B2FC9C}.Release|Win32.ActiveCfg = Release|Win32
		{A589A7A1-CB92-4779-A863-325499B2FC9C}.Release|Win32.Build.0 = Release|Win32
		{A589A7A1-CB92-4779-A863-325499B2FC9C}.Release|x64.ActiveCfg = Release|Win32
		{A589A7A1-CB92-4779-A863-325499B2FC9C}.Release|x64.Build.0 = Release|Win32
		{EA562003-C608-4251-9229-37331A0C4F5D}.Debug|Mixed Platforms.ActiveCfg = Debug|Win32
		{EA562003-C608-4251-9229-37331A0C4F5D}.Debug|Mixed Platforms.Build.0 = Debug|Win32
		{EA562003-C608-4251-9229-37331A0C4F5D}.Debug|Win32.ActiveCfg = Debug|Win32
		{EA562003-C608-4251-9229-37331A0C4F5D}.Debug|Win32.Build.0 = Debug|Win32
		{EA562003-C608-4251-9229-37331A0C4F5D}.Debug|x64.ActiveCfg = Debug|Win32
		{EA562003-C608-4251-9229-37331A0C4F5D}.Debug|x64.Build.0 = Debug|Win32
		{EA562003-C608-4251-9229-37331A0C4F5D}.Release|Mixed Platforms.ActiveCfg = Release|Win32
		{EA562003-C608-4251-9229-37331A0C4F5D}.Release|Mixed Platforms.Build.0 = Release|Win32
		{EA562003-C608-4251-9229-37331A0C4F5D}.Release|Win32.ActiveCfg = Release|Win32
		{EA562003-C608-4251-9229-37331A0C4F5D}.Release|Win32.Build.0 = Release|Win32
		{EA562003-C608-4251-9229-37331A0C4F5D}.Release|x64.ActiveCfg = Release|Win32
		{EA562003-C608-4251-9229-37331A0C4F5D}.Release|x64.Build.0 = Release|Win32
		{4EFF735A-1151-4060-B03C-5E6AD223D804}.Debug|Mixed Platforms.ActiveCfg = Debug|Win32
		{4EFF735A-1151-4060-B03C-5E6AD223D804}.Debug|Mixed Platforms.Build.0 = Debug|Win32
		{4EFF735A-1151-4060-B03C-5E6AD223D804}.Debug|Win32.ActiveCfg = Debug|Win32
		{4EFF735A-1151-4060-B03C-5E6AD223D804}.Debug|Win32.Build.0 = Debug|Win32
		{4EFF735A-1151-4060-B03C-5E6AD223D804}.Debug|x64.ActiveCfg = Debug|Win32
		{4EFF735A-1151-4060-B03C-5E6AD223D804}.Debug|x64.Build.0 = Debug|Win32
		{4EFF735A-1151-4060-B03C-5E6AD223D804}.Release|Mixed Platforms.ActiveCfg = Release|Win32
		{4EFF735A-1151-4060-B03C-5E6AD223D804}.Release|Mixed Platforms.Build.0 = Release|Win32
		{4EFF735A-1151-4060-B03C-5E6AD223D804}.Release|Win32.ActiveCfg = Release|Win32
		{4EFF735A-1151-4060-B03C-5E6AD223D804}.Release|Win32.Build.0 = Release|Win32
		{4EFF735A-1151-4060-B03C-5E6AD223D804}.Release|x64.ActiveCfg = Release|Win32
		{4EFF735A-1151-4060-B03C-5E6AD223D804}.Release|x64.Build.0 = Release|Win32
		{5C0D2CA4-ACC2-4BF4-AF97-DFEB90D78C69}.Debug|Mixed Platforms.ActiveCfg = Debug|Win32
		{5C0D2CA4-ACC2-4BF4-AF97-DFEB90D78C69}.Debug|Mixed Platforms.Build.0 = Debug|Win32
		{5C0D2CA4-ACC2-4BF4-AF97-DFEB90D78C69}.Debug|Win32.ActiveCfg = Debug|Win32
		{5C0D2CA4-ACC2-4BF4-AF97-DFEB90D78C69}.Debug|Win32.Build.0 = Debug|Win32
		{5C0D2CA4-ACC2-4BF4-AF97-DFEB90D78C69}.Debug|x64.ActiveCfg = Debug|x64
		{5C0D2CA4-ACC2-4BF4-AF97-DFEB90D78C69}.Debug|x64.Build.0 = Debug|x64
		{5C0D2CA4-ACC2-4BF4-AF97-DFEB90D78C69}.Release|Mixed Platforms.ActiveCfg = Release|Win32
		{5C0D2CA4-ACC2-4BF4-AF97-DFEB90D78C69}.Release|Mixed Platforms.Build.0 = Release|Win32
		{5C0D2CA4-ACC2-4BF4-AF97-DFEB90D78C69}.Release|Win32.ActiveCfg = Release|Win32
		{5C0D2CA4-ACC2-4BF4-AF97-DFEB90D78C69}.Release|Win32.Build.0 = Release|Win32
		{5C0D2CA4-ACC2-4BF4-AF97-DFEB90D78C69}.Release|x64.ActiveCfg = Release|Win32
		{5C0D2CA4-ACC2-4BF4-AF97-DFEB90D78C69}.Release|x64.Build.0 = Release|Win32
		{1739F8A3-646F-49BF-815A-28F7986AB0EF}.Debug|Mixed Platforms.ActiveCfg = Debug|Win32
		{1739F8A3-646F-49BF-815A-28F7986AB0EF}.Debug|Mixed Platforms.Build.0 = Debug|Win32
		{1739F8A3-646F-49BF-815A-28F7986AB0EF}.Debug|Win32.ActiveCfg = Debug|Win32
		{1739F8A3-646F-49BF-815A-28F7986AB0EF}.Debug|Win32.Build.0 = Debug|Win32
		{1739F8A3-646F-49BF-815A-28F7986AB0EF}.Debug|x64.ActiveCfg = Debug|Win32
		{1739F8A3-646F-49BF-815A-28F7986AB0EF}.Debug|x64.Build.0 = Debug|Win32
		{1739F8A3-646F-49BF-815A-28F7986AB0EF}.Release|Mixed Platforms.ActiveCfg = Release|Win32
		{1739F8A3-646F-49BF-815A-28F7986AB0EF}.Release|Mixed Platforms.Build.0 = Release|Win32
		{1739F8A3-646F-49BF-815A-28F7986AB0EF}.Release|Win32.ActiveCfg = Release|Win32
		{1739F8A3-646F-49BF-815A-28F7986AB0EF}.Release|Win32.Build.0 = Release|Win32
		{1739F8A3-646F-49BF-815A-28F7986AB0EF}.Release|x64.ActiveCfg = Release|Win32
		{1739F8A3-646F-49BF-815A-28F7986AB0EF}.Release|x64.Build.0 = Release|Win32
		{150CD4FB-CD49-43BA-9B17-1284E6F3D6D6}.Debug|Mixed Platforms.ActiveCfg = Debug|Win32
		{150CD4FB-CD49-43BA-9B17-1284E6F3D6D6}.Debug|Mixed Platforms.Build.0 = Debug|Win32
		{150CD4FB-CD49-43BA-9B17-1284E6F3D6D6}.Debug|Win32.ActiveCfg = Debug|Win32
		{150CD4FB-CD49-43BA-9B17-1284E6F3D6D6}.Debug|Win32.Build.0 = Debug|Win32
		{150CD4FB-CD49-43BA-9B17-1284E6F3D6D6}.Debug|x64.ActiveCfg = Debug|Win32
		{150CD4FB-CD49-43BA-9B17-1284E6F3D6D6}.Debug|x64.Build.0 = Debug|Win32
		{150CD4FB-CD49-43BA-9B17-1284E6F3D6D6}.Release|Mixed Platforms.ActiveCfg = Release|Win32
		{150CD4FB-CD49-43BA-9B17-1284E6F3D6D6}.Release|Mixed Platforms.Build.0 = Release|Win32
		{150CD4FB-CD49-43BA-9B17-1284E6F3D6D6}.Release|Win32.ActiveCfg = Release|Win32
		{150CD4FB-CD49-43BA-9B17-1284E6F3D6D6}.Release|Win32.Build.0 = Release|Win32
		{150CD4FB-CD49-43BA-9B17-1284E6F3D6D6}.Release|x64.ActiveCfg = Release|Win32
		{150CD4FB-CD49-43BA-9B17-1284E6F3D6D6}.Release|x64.Build.0 = Release|Win32
		{D894283E-A2A3-4DF1-869C-2E52F802AA46}.Debug|Mixed Platforms.ActiveCfg = Debug|Win32
		{D894283E-A2A3-4DF1-869C-2E52F802AA46}.Debug|Mixed Platforms.Build.0 = Debug|Win32
		{D894283E-A2A3-4DF1-869C-2E52F802AA46}.Debug|Win32.ActiveCfg = Debug|Win32
		{D894283E-A2A3-4DF1-869C-2E52F802AA46}.Debug|Win32.Build.0 = Debug|Win32
		{D894283E-A2A3-4DF1-869C-2E52F802AA46}.Debug|x64.ActiveCfg = Debug|Win32
		{D894283E-A2A3-4DF1-869C-2E52F802AA46}.Debug|x64.Build.0 = Debug|Win32
		{D894283E-A2A3-4DF1-869C-2E52F802AA46}.Release|Mixed Platforms.ActiveCfg = Release|Win32
		{D894283E-A2A3-4DF1-869C-2E52F802AA46}.Release|Mixed Platforms.Build.0 = Release|Win32
		{D894283E-A2A3-4DF1-869C-2E52F802AA46}.Release|Win32.ActiveCfg = Release|Win32
		{D894283E-A2A3-4DF1-869C-2E52F802AA46}.Release|Win32.Build.0 = Release|Win32
		{D894283E-A2A3-4DF1-869C-2E52F802AA46}.Release|x64.ActiveCfg = Release|Win32
		{D894283E-A2A3-4DF1-869C-2E52F802AA46}.Release|x64.Build.0 = Release|Win32
		{EA85F40B-3218-4942-BD99-DE68214FC949}.Debug|Mixed Platforms.ActiveCfg = Debug|Win32
		{EA85F40B-3218-4942-BD99-DE68214FC949}.Debug|Mixed Platforms.Build.0 = Debug|Win32
		{EA85F40B-3218-4942-BD99-DE68214FC949}.Debug|Win32.ActiveCfg = Debug|Win32
		{EA85F40B-3218-4942-BD99-DE68214FC949}.Debug|Win32.Build.0 = Debug|Win32
		{EA85F40B-3218-4942-BD99-DE68214FC949}.Debug|x64.ActiveCfg = Debug|Win32
		{EA85F40B-3218-4942-BD99-DE68214FC949}.Debug|x64.Build.0 = Debug|Win32
		{EA85F40B-3218-4942-BD99-DE68214FC949}.Release|Mixed Platforms.ActiveCfg = Release|Win32
		{EA85F40B-3218-4942-BD99-DE68214FC949}.Release|Mixed Platforms.Build.0 = Release|Win32
		{EA85F40B-3218-4942-BD99-DE68214FC949}.Release|Win32.ActiveCfg = Release|Win32
		{EA85F40B-3218-4942-BD99-DE68214FC949}.Release|Win32.Build.0 = Release|Win32
		{EA85F40B-3218-4942-BD99-DE68214FC949}.Release|x64.ActiveCfg = Release|Win32
		{EA85F40B-3218-4942-BD99-DE68214FC949}.Release|x64.Build.0 = Release|Win32
		{404716FD-2EDE-4AAF-8464-5E9C7754AC93}.Debug|Mixed Platforms.ActiveCfg = Debug|Win32
		{404716FD-2EDE-4AAF-8464-5E9C7754AC93}.Debug|Mixed Platforms.Build.0 = Debug|Win32
		{404716FD-2EDE-4AAF-8464-5E9C7754AC93}.Debug|Win32.ActiveCfg = Debug|Win32
		{404716FD-2EDE-4AAF-8464-5E9C7754AC93}.Debug|Win32.Build.0 = Debug|Win32
		{404716FD-2EDE-4AAF-8464-5E9C7754AC93}.Debug|x64.ActiveCfg = Debug|Win32
		{404716FD-2EDE-4AAF-8464-5E9C7754AC93}.Debug|x64.Build.0 = Debug|Win32
		{404716FD-2EDE-4AAF-8464-5E9C7754AC93}.Release|Mixed Platforms.ActiveCfg = Release|Win32
		{404716FD-2EDE-4AAF-8464-5E9C7754AC93}.Release|Mixed Platforms.Build.0 = Release|Win32
		{404716FD-2EDE-4AAF-8464-5E9C7754AC93}.Release|Win32.ActiveCfg = Release|Win32
		{404716FD-2EDE-4AAF-8464-5E9C7754AC93}.Release|Win32.Build.0 = Release|Win32
		{404716FD-2EDE-4AAF-8464-5E9C7754AC93}.Release|x64.ActiveCfg = Release|Win32
		{404716FD-2EDE-4AAF-8464-5E9C7754AC93}.Release|x64.Build.0 = Release|Win32
		{97C4EEBF-F2CF-4ADE-8B54-DBC0A6E6BE6B}.Debug|Mixed Platforms.ActiveCfg = Debug|Win32
		{97C4EEBF-F2CF-4ADE-8B54-DBC0A6E6BE6B}.Debug|Mixed Platforms.Build.0 = Debug|Win32
		{97C4EEBF-F2CF-4ADE-8B54-DBC0A6E6BE6B}.Debug|Win32.ActiveCfg = Debug|Win32
		{97C4EEBF-F2CF-4ADE-8B54-DBC0A6E6BE6B}.Debug|Win32.Build.0 = Debug|Win32
		{97C4EEBF-F2CF-4ADE-8B54-DBC0A6E6BE6B}.Debug|x64.ActiveCfg = Debug|Win32
		{97C4EEBF-F2CF-4ADE-8B54-DBC0A6E6BE6B}.Debug|x64.Build.0 = Debug|Win32
		{97C4EEBF-F2CF-4ADE-8B54-DBC0A6E6BE6B}.Release|Mixed Platforms.ActiveCfg = Release|Win32
		{97C4EEBF-F2CF-4ADE-8B54-DBC0A6E6BE6B}.Release|Mixed Platforms.Build.0 = Release|Win32
		{97C4EEBF-F2CF-4ADE-8B54-DBC0A6E6BE6B}.Release|Win32.ActiveCfg = Release|Win32
		{97C4EEBF-F2CF-4ADE-8B54-DBC0A6E6BE6B}.Release|Win32.Build.0 = Release|Win32
		{97C4EEBF-F2CF-4ADE-8B54-DBC0A6E6BE6B}.Release|x64.ActiveCfg = Release|Win32
		{97C4EEBF-F2CF-4ADE-8B54-DBC0A6E6BE6B}.Release|x64.Build.0 = Release|Win32
		{13A9BA63-5D69-419B-82AB-F27839873BFC}.Debug|Mixed Platforms.ActiveCfg = Debug|Win32
		{13A9BA63-5D69-419B-82AB-F27839873BFC}.Debug|Mixed Platforms.Build.0 = Debug|Win32
		{13A9BA63-5D69-419B-82AB-F27839873BFC}.Debug|Win32.ActiveCfg = Debug|Win32
		{13A9BA63-5D69-419B-82AB-F27839873BFC}.Debug|Win32.Build.0 = Debug|Win32
		{13A9BA63-5D69-419B-82AB-F27839873BFC}.Debug|x64.ActiveCfg = Debug|Win32
		{13A9BA63-5D69-419B-82AB-F27839873BFC}.Debug|x64.Build.0 = Debug|Win32
		{13A9BA63-5D69-419B-82AB-F27839873BFC}.Release|Mixed Platforms.ActiveCfg = Release|Win32
		{13A9BA63-5D69-419B-82AB-F27839873BFC}.Release|Mixed Platforms.Build.0 = Release|Win32
		{13A9BA63-5D69-419B-82AB-F27839873BFC}.Release|Win32.ActiveCfg = Release|Win32
		{13A9BA63-5D69-419B-82AB-F27839873BFC}.Release|Win32.Build.0 = Release|Win32
		{13A9BA63-5D69-419B-82AB-F27839873BFC}.Release|x64.ActiveCfg = Release|Win32
		{13A9BA63-5D69-419B-82AB-F27839873BFC}.Release|x64.Build.0 = Release|Win32
		{422E507F-0856-40E0-86D9-D8ED91A97F19}.Debug|Mixed Platforms.ActiveCfg = Debug|Win32
		{422E507F-0856-40E0-86D9-D8ED91A97F19}.Debug|Mixed Platforms.Build.0 = Debug|Win32
		{422E507F-0856-40E0-86D9-D8ED91A97F19}.Debug|Win32.ActiveCfg = Debug|Win32
		{422E507F-0856-40E0-86D9-D8ED91A97F19}.Debug|Win32.Build.0 = Debug|Win32
		{422E507F-0856-40E0-86D9-D8ED91A97F19}.Debug|x64.ActiveCfg = Debug|Win32
		{422E507F-0856-40E0-86D9-D8ED91A97F19}.Debug|x64.Build.0 = Debug|Win32
		{422E507F-0856-40E0-86D9-D8ED91A97F19}.Release|Mixed Platforms.ActiveCfg = Release|Win32
		{422E507F-0856-40E0-86D9-D8ED91A97F19}.Release|Mixed Platforms.Build.0 = Release|Win32
		{422E507F-0856-40E0-86D9-D8ED91A97F19}.Release|Win32.ActiveCfg = Release|Win32
		{422E507F-0856-40E0-86D9-D8ED91A97F19}.Release|Win32.Build.0 = Release|Win32
		{422E507F-0856-40E0-86D9-D8ED91A97F19}.Release|x64.ActiveCfg = Release|Win32
		{422E507F-0856-40E0-86D9-D8ED91A97F19}.Release|x64.Build.0 = Release|Win32
		{7472CDF6-E233-484A-BC1E-ACE9159CF9E8}.Debug|Mixed Platforms.ActiveCfg = Debug|Win32
		{7472CDF6-E233-484A-BC1E-ACE9159CF9E8}.Debug|Mixed Platforms.Build.0 = Debug|Win32
		{7472CDF6-E233-484A-BC1E-ACE9159CF9E8}.Debug|Win32.ActiveCfg = Debug|Win32
		{7472CDF6-E233-484A-BC1E-ACE9159CF9E8}.Debug|Win32.Build.0 = Debug|Win32
		{7472CDF6-E233-484A-BC1E-ACE9159CF9E8}.Debug|x64.ActiveCfg = Debug|Win32
		{7472CDF6-E233-484A-BC1E-ACE9159CF9E8}.Debug|x64.Build.0 = Debug|Win32
		{7472CDF6-E233-484A-BC1E-ACE9159CF9E8}.Release|Mixed Platforms.ActiveCfg = Release|Win32
		{7472CDF6-E233-484A-BC1E-ACE9159CF9E8}.Release|Mixed Platforms.Build.0 = Release|Win32
		{7472CDF6-E233-484A-BC1E-ACE9159CF9E8}.Release|Win32.ActiveCfg = Release|Win32
		{7472CDF6-E233-484A-BC1E-ACE9159CF9E8}.Release|Win32.Build.0 = Release|Win32
		{7472CDF6-E233-484A-BC1E-ACE9159CF9E8}.Release|x64.ActiveCfg = Release|Win32
		{7472CDF6-E233-484A-BC1E-ACE9159CF9E8}.Release|x64.Build.0 = Release|Win32
		{12AD6E21-E018-4AD2-8971-E23710FA4206}.Debug|Mixed Platforms.ActiveCfg = Debug|x64
		{12AD6E21-E018-4AD2-8971-E23710FA4206}.Debug|Mixed Platforms.Build.0 = Debug|x64
		{12AD6E21-E018-4AD2-8971-E23710FA4206}.Debug|Win32.ActiveCfg = Debug|x64
		{12AD6E21-E018-4AD2-8971-E23710FA4206}.Debug|Win32.Build.0 = Debug|x64
		{12AD6E21-E018-4AD2-8971-E23710FA4206}.Debug|x64.ActiveCfg = Debug|x64
		{12AD6E21-E018-4AD2-8971-E23710FA4206}.Debug|x64.Build.0 = Debug|x64
		{12AD6E21-E018-4AD2-8971-E23710FA4206}.Release|Mixed Platforms.ActiveCfg = Release|x64
		{12AD6E21-E018-4AD2-8971-E23710FA4206}.Release|Mixed Platforms.Build.0 = Release|x64
		{12AD6E21-E018-4AD2-8971-E23710FA4206}.Release|Win32.ActiveCfg = Release|x64
		{12AD6E21-E018-4AD2-8971-E23710FA4206}.Release|Win32.Build.0 = Release|x64
		{12AD6E21-E018-4AD2-8971-E23710FA4206}.Release|x64.ActiveCfg = Release|x64
		{12AD6E21-E018-4AD2-8971-E23710FA4206}.Release|x64.Build.0 = Release|x64
		{BDB9B156-C3FE-4933-A155-7B16C75D57FE}.Debug|Mixed Platforms.ActiveCfg = Debug|x64
		{BDB9B156-C3FE-4933-A155-7B16C75D57FE}.Debug|Mixed Platforms.Build.0 = Debug|x64
		{BDB9B156-C3FE-4933-A155-7B16C75D57FE}.Debug|Win32.ActiveCfg = Debug|x64
		{BDB9B156-C3FE-4933-A155-7B16C75D57FE}.Debug|Win32.Build.0 = Debug|x64
		{BDB9B156-C3FE-4933-A155-7B16C75D57FE}.Debug|x64.ActiveCfg = Debug|x64
		{BDB9B156-C3FE-4933-A155-7B16C75D57FE}.Debug|x64.Build.0 = Debug|x64
		{BDB9B156-C3FE-4933-A155-7B16C75D57FE}.Release|Mixed Platforms.ActiveCfg = Release|x64
		{BDB9B156-C3FE-4933-A155-7B16C75D57FE}.Release|Mixed Platforms.Build.0 = Release|x64
		{BDB9B156-C3FE-4933-A155-7B16C75D57FE}.Release|Win32.ActiveCfg = Release|x64
		{BDB9B156-C3FE-4933-A155-7B16C75D57FE}.Release|Win32.Build.0 = Release|x64
		{BDB9B156-C3FE-4933-A155-7B16C75D57FE}.Release|x64.ActiveCfg = Release|x64
		{BDB9B156-C3FE-4933-A155-7B16C75D57FE}.Release|x64.Build.0 = Release|x64
		{7F7E4460-EA43-4115-B40C-0B946E285332}.Debug|Mixed Platforms.ActiveCfg = Debug|Win32
		{7F7E4460-EA43-4115-B40C-0B946E285332}.Debug|Mixed Platforms.Build.0 = Debug|Win32
		{7F7E4460-EA43-4115-B40C-0B946E285332}.Debug|Win32.ActiveCfg = Debug|Win32
		{7F7E4460-EA43-4115-B40C-0B946E285332}.Debug|Win32.Build.0 = Debug|Win32
		{7F7E4460-EA43-4115-B40C-0B946E285332}.Debug|x64.ActiveCfg = Debug|Win32
		{7F7E4460-EA43-4115-B40C-0B946E285332}.Debug|x64.Build.0 = Debug|Win32
		{7F7E4460-EA43-4115-B40C-0B946E285332}.Release|Mixed Platforms.ActiveCfg = Release|Win32
		{7F7E4460-EA43-4115-B40C-0B946E285332}.Release|Mixed Platforms.Build.0 = Release|Win32
		{7F7E4460-EA43-4115-B40C-0B946E285332}.Release|Win32.ActiveCfg = Release|Win32
		{7F7E4460-EA43-4115-B40C-0B946E285332}.Release|Win32.Build.0 = Release|Win32
		{7F7E4460-EA43-4115-B40C-0B946E285332}.Release|x64.ActiveCfg = Release|Win32
		{7F7E4460-EA43-4115-B40C-0B946E285332}.Release|x64.Build.0 = Release|Win32
		{BC6A4E62-4256-4141-8C48-C3D8E7E2BDEC}.Debug|Mixed Platforms.ActiveCfg = Debug|x64
		{BC6A4E62-4256-4141-8C48-C3D8E7E2BDEC}.Debug|Mixed Platforms.Build.0 = Debug|x64
		{BC6A4E62-4256-4141-8C48-C3D8E7E2BDEC}.Debug|Win32.ActiveCfg = Debug|x64
		{BC6A4E62-4256-4141-8C48-C3D8E7E2BDEC}.Debug|Win32.Build.0 = Debug|x64
		{BC6A4E62-4256-4141-8C48-C3D8E7E2BDEC}.Debug|x64.ActiveCfg = Debug|x64
		{BC6A4E62-4256-4141-8C48-C3D8E7E2BDEC}.Debug|x64.Build.0 = Debug|x64
		{BC6A4E62-4256-4141-8C48-C3D8E7E2BDEC}.Release|Mixed Platforms.ActiveCfg = Release|x64
		{BC6A4E62-4256-4141-8C48-C3D8E7E2BDEC}.Release|Mixed Platforms.Build.0 = Release|x64
		{BC6A4E62-4256-4141-8C48-C3D8E7E2BDEC}.Release|Win32.ActiveCfg = Release|x64
		{BC6A4E62-4256-4141-8C48-C3D8E7E2BDEC}.Release|Win32.Build.0 = Release|x64
		{BC6A4E62-4256-4141-8C48-C3D8E7E2BDEC}.Release|x64.ActiveCfg = Release|x64
		{BC6A4E62-4256-4141-8C48-C3D8E7E2BDEC}.Release|x64.Build.0 = Release|x64
		{EE7E4A3E-9B7A-42AC-B7DB-3906AD2FFAF1}.Debug|Mixed Platforms.ActiveCfg = Debug|Win32
		{EE7E4A3E-9B7A-42AC-B7DB-3906AD2FFAF1}.Debug|Mixed Platforms.Build.0 = Debug|Win32
		{EE7E4A3E-9B7A-42AC-B7DB-3906AD2FFAF1}.Debug|Win32.ActiveCfg = Debug|Win32
		{EE7E4A3E-9B7A-42AC-B7DB-3906AD2FFAF1}.Debug|Win32.Build.0 = Debug|Win32
		{EE7E4A3E-9B7A-42AC-B7DB-3906AD2FFAF1}.Debug|x64.ActiveCfg = Debug|Win32
		{EE7E4A3E-9B7A-42AC-B7DB-3906AD2FFAF1}.Debug|x64.Build.0 = Debug|Win32
		{EE7E4A3E-9B7A-42AC-B7DB-3906AD2FFAF1}.Release|Mixed Platforms.ActiveCfg = Release|Win32
		{EE7E4A3E-9B7A-42AC-B7DB-3906AD2FFAF1}.Release|Mixed Platforms.Build.0 = Release|Win32
		{EE7E4A3E-9B7A-42AC-B7DB-3906AD2FFAF1}.Release|Win32.ActiveCfg = Release|Win32
		{EE7E4A3E-9B7A-42AC-B7DB-3906AD2FFAF1}.Release|Win32.Build.0 = Release|Win32
		{EE7E4A3E-9B7A-42AC-B7DB-3906AD2FFAF1}.Release|x64.ActiveCfg = Release|Win32
		{EE7E4A3E-9B7A-42AC-B7DB-3906AD2FFAF1}.Release|x64.Build.0 = Release|Win32
		{0F96FA4E-8F70-4A57-B416-116287E9EEAC}.Debug|Mixed Platforms.ActiveCfg = Debug|Win32
		{0F96FA4E-8F70-4A57-B416-116287E9EEAC}.Debug|Mixed Platforms.Build.0 = Debug|Win32
		{0F96FA4E-8F70-4A57-B416-116287E9EEAC}.Debug|Win32.ActiveCfg = Debug|Win32
		{0F96FA4E-8F70-4A57-B416-116287E9EEAC}.Debug|Win32.Build.0 = Debug|Win32
		{0F96FA4E-8F70-4A57-B416-116287E9EEAC}.Debug|x64.ActiveCfg = Debug|Win32
		{0F96FA4E-8F70-4A57-B416-116287E9EEAC}.Debug|x64.Build.0 = Debug|Win32
		{0F96FA4E-8F70-4A57-B416-116287E9EEAC}.Release|Mixed Platforms.ActiveCfg = Release|Win32
		{0F96FA4E-8F70-4A57-B416-116287E9EEAC}.Release|Mixed Platforms.Build.0 = Release|Win32
		{0F96FA4E-8F70-4A57-B416-116287E9EEAC}.Release|Win32.ActiveCfg = Release|Win32
		{0F96FA4E-8F70-4A57-B416-116287E9EEAC}.Release|Win32.Build.0 = Release|Win32
		{0F96FA4E-8F70-4A57-B416-116287E9EEAC}.Release|x64.ActiveCfg = Release|Win32
		{0F96FA4E-8F70-4A57-B416-116287E9EEAC}.Release|x64.Build.0 = Release|Win32
		{4B1F471C-7D79-4859-84C1-15D837D1E54E}.Debug|Mixed Platforms.ActiveCfg = Debug|Win32
		{4B1F471C-7D79-4859-84C1-15D837D1E54E}.Debug|Mixed Platforms.Build.0 = Debug|Win32
		{4B1F471C-7D79-4859-84C1-15D837D1E54E}.Debug|Win32.ActiveCfg = Debug|Win32
		{4B1F471C-7D79-4859-84C1-15D837D1E54E}.Debug|Win32.Build.0 = Debug|Win32
		{4B1F471C-7D79-4859-84C1-15D837D1E54E}.Debug|x64.ActiveCfg = Debug|Win32
		{4B1F471C-7D79-4859-84C1-15D837D1E54E}.Debug|x64.Build.0 = Debug|Win32
		{4B1F471C-7D79-4859-84C1-15D837D1E54E}.Release|Mixed Platforms.ActiveCfg = Release|Win32
		{4B1F471C-7D79-4859-84C1-15D837D1E54E}.Release|Mixed Platforms.Build.0 = Release|Win32
		{4B1F471C-7D79-4859-84C1-15D837D1E54E}.Release|Win32.ActiveCfg = Release|Win32
		{4B1F471C-7D79-4859-84C1-15D837D1E54E}.Release|Win32.Build.0 = Release|Win32
		{4B1F471C-7D79-4859-84C1-15D837D1E54E}.Release|x64.ActiveCfg = Release|Win32
		{4B1F471C-7D79-4859-84C1-15D837D1E54E}.Release|x64.Build.0 = Release|Win32
		{B55877DB-7EFB-48DF-BCD6-264483006CC0}.Debug|Mixed Platforms.ActiveCfg = Debug|Win32
		{B55877DB-7EFB-48DF-BCD6-264483006CC0}.Debug|Mixed Platforms.Build.0 = Debug|Win32
		{B55877DB-7EFB-48DF-BCD6-264483006CC0}.Debug|Win32.ActiveCfg = Debug|Win32
		{B55877DB-7EFB-48DF-BCD6-264483006CC0}.Debug|Win32.Build.0 = Debug|Win32
		{B55877DB-7EFB-48DF-BCD6-264483006CC0}.Debug|x64.ActiveCfg = Debug|Win32
		{B55877DB-7EFB-48DF-BCD6-264483006CC0}.Debug|x64.Build.0 = Debug|Win32
		{B55877DB-7EFB-48DF-BCD6-264483006CC0}.Release|Mixed Platforms.ActiveCfg = Release|Win32
		{B55877DB-7EFB-48DF-BCD6-264483006CC0}.Release|Mixed Platforms.Build.0 = Release|Win32
		{B55877DB-7EFB-48DF-BCD6-264483006CC0}.Release|Win32.ActiveCfg = Release|Win32
		{B55877DB-7EFB-48DF-BCD6-264483006CC0}.Release|Win32.Build.0 = Release|Win32
		{B55877DB-7EFB-48DF-BCD6-264483006CC0}.Release|x64.ActiveCfg = Release|Win32
		{B55877DB-7EFB-48DF-BCD6-264483006CC0}.Release|x64.Build.0 = Release|Win32
		{5A6CA749-B823-49DB-95FF-89E890D31783}.Debug|Mixed Platforms.ActiveCfg = Debug|Win32
		{5A6CA749-B823-49DB-95FF-89E890D31783}.Debug|Mixed Platforms.Build.0 = Debug|Win32
		{5A6CA749-B823-49DB-95FF-89E890D31783}.Debug|Win32.ActiveCfg = Debug|Win32
		{5A6CA749-B823-49DB-95FF-89E890D31783}.Debug|Win32.Build.0 = Debug|Win32
		{5A6CA749-B823-49DB-95FF-89E890D31783}.Debug|x64.ActiveCfg = Debug|Win32
		{5A6CA749-B823-49DB-95FF-89E890D31783}.Debug|x64.Build.0 = Debug|Win32
		{5A6CA749-B823-49DB-95FF-89E890D31783}.Release|Mixed Platforms.ActiveCfg = Release|Win32
		{5A6CA749-B823-49DB-95FF-89E890D31783}.Release|Mixed Platforms.Build.0 = Release|Win32
		{5A6CA749-B823-49DB-95FF-89E890D31783}.Release|Win32.ActiveCfg = Release|Win32
		{5A6CA749-B823-49DB-95FF-89E890D31783}.Release|Win32.Build.0 = Release|Win32
		{5A6CA749-B823-49DB-95FF-89E890D31783}.Release|x64.ActiveCfg = Release|Win32
		{5A6CA749-B823-49DB-95FF-89E890D31783}.Release|x64.Build.0 = Release|Win32
		{B6A47758-E546-40A5-9DE3-44D622C238F4}.Debug|Mixed Platforms.ActiveCfg = Debug|Win32
		{B6A47758-E546-40A5-9DE3-44D622C238F4}.Debug|Mixed Platforms.Build.0 = Debug|Win32
		{B6A47758-E546-40A5-9DE3-44D622C238F4}.Debug|Win32.ActiveCfg = Debug|Win32
		{B6A47758-E546-40A5-9DE3-44D622C238F4}.Debug|Win32.Build.0 = Debug|Win32
		{B6A47758-E546-40A5-9DE3-44D622C238F4}.Debug|x64.ActiveCfg = Debug|Win32
		{B6A47758-E546-40A5-9DE3-44D622C238F4}.Debug|x64.Build.0 = Debug|Win32
		{B6A47758-E546-40A5-9DE3-44D622C238F4}.Release|Mixed Platforms.ActiveCfg = Release|Win32
		{B6A47758-E546-40A5-9DE3-44D622C238F4}.Release|Mixed Platforms.Build.0 = Release|Win32
		{B6A47758-E546-40A5-9DE3-44D622C238F4}.Release|Win32.ActiveCfg = Release|Win32
		{B6A47758-E546-40A5-9DE3-44D622C238F4}.Release|Win32.Build.0 = Release|Win32
		{B6A47758-E546-40A5-9DE3-44D622C238F4}.Release|x64.ActiveCfg = Release|Win32
		{B6A47758-E546-40A5-9DE3-44D622C238F4}.Release|x64.Build.0 = Release|Win32
		{307F47EA-86BC-40D0-9D42-089A0C6E9882}.Debug|Mixed Platforms.ActiveCfg = Debug|Win32
		{307F47EA-86BC-40D0-9D42-089A0C6E9882}.Debug|Mixed Platforms.Build.0 = Debug|Win32
		{307F47EA-86BC-40D0-9D42-089A0C6E9882}.Debug|Win32.ActiveCfg = Debug|Win32
		{307F47EA-86BC-40D0-9D42-089A0C6E9882}.Debug|Win32.Build.0 = Debug|Win32
		{307F47EA-86BC-40D0-9D42-089A0C6E9882}.Debug|x64.ActiveCfg = Debug|x64
		{307F47EA-86BC-40D0-9D42-089A0C6E9882}.Debug|x64.Build.0 = Debug|x64
		{307F47EA-86BC-40D0-9D42-089A0C6E9882}.Release|Mixed Platforms.ActiveCfg = Release|Win32
		{307F47EA-86BC-40D0-9D42-089A0C6E9882}.Release|Mixed Platforms.Build.0 = Release|Win32
		{307F47EA-86BC-40D0-9D42-089A0C6E9882}.Release|Win32.ActiveCfg = Release|Win32
		{307F47EA-86BC-40D0-9D42-089A0C6E9882}.Release|Win32.Build.0 = Release|Win32
		{307F47EA-86BC-40D0-9D42-089A0C6E9882}.Release|x64.ActiveCfg = Release|Win32
		{307F47EA-86BC-40D0-9D42-089A0C6E9882}.Release|x64.Build.0 = Release|Win32
		{B07EC13B-4F0C-45F6-87CB-E514D5724DCE}.Debug|Mixed Platforms.ActiveCfg = Debug|Win32
		{B07EC13B-4F0C-45F6-87CB-E514D5724DCE}.Debug|Mixed Platforms.Build.0 = Debug|Win32
		{B07EC13B-4F0C-45F6-87CB-E514D5724DCE}.Debug|Win32.ActiveCfg = Debug|Win32
		{B07EC13B-4F0C-45F6-87CB-E514D5724DCE}.Debug|Win32.Build.0 = Debug|Win32
		{B07EC13B-4F0C-45F6-87CB-E514D5724DCE}.Debug|x64.ActiveCfg = Debug|x64
		{B07EC13B-4F0C-45F6-87CB-E514D5724DCE}.Debug|x64.Build.0 = Debug|x64
		{B07EC13B-4F0C-45F6-87CB-E514D5724DCE}.Release|Mixed Platforms.ActiveCfg = Release|Win32
		{B07EC13B-4F0C-45F6-87CB-E514D5724DCE}.Release|Mixed Platforms.Build.0 = Release|Win32
		{B07EC13B-4F0C-45F6-87CB-E514D5724DCE}.Release|Win32.ActiveCfg = Release|Win32
		{B07EC13B-4F0C-45F6-87CB-E514D5724DCE}.Release|Win32.Build.0 = Release|Win32
		{B07EC13B-4F0C-45F6-87CB-E514D5724DCE}.Release|x64.ActiveCfg = Release|Win32
		{B6586517-A211-4F76-9E2E-0D6F9FAA76E9}.Debug|Mixed Platforms.ActiveCfg = Debug|Win32
		{B6586517-A211-4F76-9E2E-0D6F9FAA76E9}.Debug|Mixed Platforms.Build.0 = Debug|Win32
		{B6586517-A211-4F76-9E2E-0D6F9FAA76E9}.Debug|Win32.ActiveCfg = Debug|Win32
		{B6586517-A211-4F76-9E2E-0D6F9FAA76E9}.Debug|Win32.Build.0 = Debug|Win32
		{B6586517-A211-4F76-9E2E-0D6F9FAA76E9}.Debug|x64.ActiveCfg = Debug|x64
		{B6586517-A211-4F76-9E2E-0D6F9FAA76E9}.Debug|x64.Build.0 = Debug|x64
		{B6586517-A211-4F76-9E2E-0D6F9FAA76E9}.Release|Mixed Platforms.ActiveCfg = Release|x64
		{B6586517-A211-4F76-9E2E-0D6F9FAA76E9}.Release|Mixed Platforms.Build.0 = Release|x64
		{B6586517-A211-4F76-9E2E-0D6F9FAA76E9}.Release|Win32.ActiveCfg = Release|Win32
		{B6586517-A211-4F76-9E2E-0D6F9FAA76E9}.Release|Win32.Build.0 = Release|Win32
		{B6586517-A211-4F76-9E2E-0D6F9FAA76E9}.Release|x64.ActiveCfg = Release|x64
		{B6586517-A211-4F76-9E2E-0D6F9FAA76E9}.Release|x64.Build.0 = Release|x64
		{331AF2ED-3BCB-447B-A007-3A73236C2CFE}.Debug|Mixed Platforms.ActiveCfg = Debug|Win32
		{331AF2ED-3BCB-447B-A007-3A73236C2CFE}.Debug|Mixed Platforms.Build.0 = Debug|Win32
		{331AF2ED-3BCB-447B-A007-3A73236C2CFE}.Debug|Win32.ActiveCfg = Debug|Win32
		{331AF2ED-3BCB-447B-A007-3A73236C2CFE}.Debug|Win32.Build.0 = Debug|Win32
		{331AF2ED-3BCB-447B-A007-3A73236C2CFE}.Debug|x64.ActiveCfg = Debug|x64
		{331AF2ED-3BCB-447B-A007-3A73236C2CFE}.Debug|x64.Build.0 = Debug|x64
		{331AF2ED-3BCB-447B-A007-3A73236C2CFE}.Release|Mixed Platforms.ActiveCfg = Release|Win32
		{331AF2ED-3BCB-447B-A007-3A73236C2CFE}.Release|Mixed Platforms.Build.0 = Release|Win32
		{331AF2ED-3BCB-447B-A007-3A73236C2CFE}.Release|Win32.ActiveCfg = Release|Win32
		{331AF2ED-3BCB-447B-A007-3A73236C2CFE}.Release|Win32.Build.0 = Release|Win32
		{331AF2ED-3BCB-447B-A007-3A73236C2CFE}.Release|x64.ActiveCfg = Release|Win32
	EndGlobalSection
	GlobalSection(SolutionProperties) = preSolution
		HideSolutionNode = FALSE
	EndGlobalSection
EndGlobal
